// !$*UTF8*$!
{
	archiveVersion = 1;
	classes = {
	};
	objectVersion = 46;
	objects = {

/* Begin PBXBuildFile section */
		606140CC1AA27021008629AA /* CoreBluetooth.framework in Frameworks */ = {isa = PBXBuildFile; fileRef = 606140CB1AA27021008629AA /* CoreBluetooth.framework */; };
		606140CF1AA27143008629AA /* MMDevice.m in Sources */ = {isa = PBXBuildFile; fileRef = 606140CE1AA27143008629AA /* MMDevice.m */; };
		606140D31AA2E0CB008629AA /* MMTNetworkManager.m in Sources */ = {isa = PBXBuildFile; fileRef = 606140D21AA2E0CB008629AA /* MMTNetworkManager.m */; };
		606140D61AA3C6E8008629AA /* MMAlbum.m in Sources */ = {isa = PBXBuildFile; fileRef = 606140D51AA3C6E8008629AA /* MMAlbum.m */; };
		60BBCDB81AA17BF6007ED21C /* main.m in Sources */ = {isa = PBXBuildFile; fileRef = 60BBCDB71AA17BF6007ED21C /* main.m */; };
		60BBCDBB1AA17BF6007ED21C /* AppDelegate.m in Sources */ = {isa = PBXBuildFile; fileRef = 60BBCDBA1AA17BF6007ED21C /* AppDelegate.m */; };
		60BBCDBE1AA17BF6007ED21C /* MMTApp.xcdatamodeld in Sources */ = {isa = PBXBuildFile; fileRef = 60BBCDBC1AA17BF6007ED21C /* MMTApp.xcdatamodeld */; };
		60BBCDC11AA17BF6007ED21C /* MMTViewController.m in Sources */ = {isa = PBXBuildFile; fileRef = 60BBCDC01AA17BF6007ED21C /* MMTViewController.m */; };
		60BBCDC41AA17BF6007ED21C /* Main.storyboard in Resources */ = {isa = PBXBuildFile; fileRef = 60BBCDC21AA17BF6007ED21C /* Main.storyboard */; };
		60BBCDC61AA17BF6007ED21C /* Images.xcassets in Resources */ = {isa = PBXBuildFile; fileRef = 60BBCDC51AA17BF6007ED21C /* Images.xcassets */; };
		60BBCDC91AA17BF6007ED21C /* LaunchScreen.xib in Resources */ = {isa = PBXBuildFile; fileRef = 60BBCDC71AA17BF6007ED21C /* LaunchScreen.xib */; };
		60BBCDD51AA17BF6007ED21C /* MMTAppTests.m in Sources */ = {isa = PBXBuildFile; fileRef = 60BBCDD41AA17BF6007ED21C /* MMTAppTests.m */; };
		60BBCDE01AA1E279007ED21C /* CoreData.framework in Frameworks */ = {isa = PBXBuildFile; fileRef = 60BBCDDF1AA1E279007ED21C /* CoreData.framework */; };
		60BBCDE51AA1E504007ED21C /* MMTLocationManager.m in Sources */ = {isa = PBXBuildFile; fileRef = 60BBCDE41AA1E504007ED21C /* MMTLocationManager.m */; };
		60BBCDE71AA1E520007ED21C /* CoreLocation.framework in Frameworks */ = {isa = PBXBuildFile; fileRef = 60BBCDE61AA1E520007ED21C /* CoreLocation.framework */; };
/* End PBXBuildFile section */

/* Begin PBXContainerItemProxy section */
		60BBCDCF1AA17BF6007ED21C /* PBXContainerItemProxy */ = {
			isa = PBXContainerItemProxy;
			containerPortal = 60BBCDAA1AA17BF6007ED21C /* Project object */;
			proxyType = 1;
			remoteGlobalIDString = 60BBCDB11AA17BF6007ED21C;
			remoteInfo = MMTApp;
		};
/* End PBXContainerItemProxy section */

/* Begin PBXFileReference section */
		606140CB1AA27021008629AA /* CoreBluetooth.framework */ = {isa = PBXFileReference; lastKnownFileType = wrapper.framework; name = CoreBluetooth.framework; path = System/Library/Frameworks/CoreBluetooth.framework; sourceTree = SDKROOT; };
		606140CD1AA27143008629AA /* MMDevice.h */ = {isa = PBXFileReference; fileEncoding = 4; lastKnownFileType = sourcecode.c.h; path = MMDevice.h; sourceTree = "<group>"; };
		606140CE1AA27143008629AA /* MMDevice.m */ = {isa = PBXFileReference; fileEncoding = 4; lastKnownFileType = sourcecode.c.objc; path = MMDevice.m; sourceTree = "<group>"; };
		606140D11AA2E0CB008629AA /* MMTNetworkManager.h */ = {isa = PBXFileReference; fileEncoding = 4; lastKnownFileType = sourcecode.c.h; path = MMTNetworkManager.h; sourceTree = "<group>"; };
		606140D21AA2E0CB008629AA /* MMTNetworkManager.m */ = {isa = PBXFileReference; fileEncoding = 4; lastKnownFileType = sourcecode.c.objc; path = MMTNetworkManager.m; sourceTree = "<group>"; };
		606140D41AA3C6E8008629AA /* MMAlbum.h */ = {isa = PBXFileReference; fileEncoding = 4; lastKnownFileType = sourcecode.c.h; path = MMAlbum.h; sourceTree = "<group>"; };
		606140D51AA3C6E8008629AA /* MMAlbum.m */ = {isa = PBXFileReference; fileEncoding = 4; lastKnownFileType = sourcecode.c.objc; path = MMAlbum.m; sourceTree = "<group>"; };
		60BBCDB21AA17BF6007ED21C /* MMTApp.app */ = {isa = PBXFileReference; explicitFileType = wrapper.application; includeInIndex = 0; path = MMTApp.app; sourceTree = BUILT_PRODUCTS_DIR; };
		60BBCDB61AA17BF6007ED21C /* Info.plist */ = {isa = PBXFileReference; lastKnownFileType = text.plist.xml; path = Info.plist; sourceTree = "<group>"; };
		60BBCDB71AA17BF6007ED21C /* main.m */ = {isa = PBXFileReference; lastKnownFileType = sourcecode.c.objc; path = main.m; sourceTree = "<group>"; };
		60BBCDB91AA17BF6007ED21C /* AppDelegate.h */ = {isa = PBXFileReference; lastKnownFileType = sourcecode.c.h; path = AppDelegate.h; sourceTree = "<group>"; };
		60BBCDBA1AA17BF6007ED21C /* AppDelegate.m */ = {isa = PBXFileReference; lastKnownFileType = sourcecode.c.objc; path = AppDelegate.m; sourceTree = "<group>"; };
		60BBCDBD1AA17BF6007ED21C /* MMTApp.xcdatamodel */ = {isa = PBXFileReference; lastKnownFileType = wrapper.xcdatamodel; path = MMTApp.xcdatamodel; sourceTree = "<group>"; };
		60BBCDBF1AA17BF6007ED21C /* MMTViewController.h */ = {isa = PBXFileReference; lastKnownFileType = sourcecode.c.h; path = MMTViewController.h; sourceTree = "<group>"; };
		60BBCDC01AA17BF6007ED21C /* MMTViewController.m */ = {isa = PBXFileReference; lastKnownFileType = sourcecode.c.objc; path = MMTViewController.m; sourceTree = "<group>"; };
		60BBCDC31AA17BF6007ED21C /* Base */ = {isa = PBXFileReference; lastKnownFileType = file.storyboard; name = Base; path = Base.lproj/Main.storyboard; sourceTree = "<group>"; };
		60BBCDC51AA17BF6007ED21C /* Images.xcassets */ = {isa = PBXFileReference; lastKnownFileType = folder.assetcatalog; path = Images.xcassets; sourceTree = "<group>"; };
		60BBCDC81AA17BF6007ED21C /* Base */ = {isa = PBXFileReference; lastKnownFileType = file.xib; name = Base; path = Base.lproj/LaunchScreen.xib; sourceTree = "<group>"; };
		60BBCDCE1AA17BF6007ED21C /* MMTAppTests.xctest */ = {isa = PBXFileReference; explicitFileType = wrapper.cfbundle; includeInIndex = 0; path = MMTAppTests.xctest; sourceTree = BUILT_PRODUCTS_DIR; };
		60BBCDD31AA17BF6007ED21C /* Info.plist */ = {isa = PBXFileReference; lastKnownFileType = text.plist.xml; path = Info.plist; sourceTree = "<group>"; };
		60BBCDD41AA17BF6007ED21C /* MMTAppTests.m */ = {isa = PBXFileReference; lastKnownFileType = sourcecode.c.objc; path = MMTAppTests.m; sourceTree = "<group>"; };
		60BBCDDF1AA1E279007ED21C /* CoreData.framework */ = {isa = PBXFileReference; lastKnownFileType = wrapper.framework; name = CoreData.framework; path = System/Library/Frameworks/CoreData.framework; sourceTree = SDKROOT; };
		60BBCDE31AA1E504007ED21C /* MMTLocationManager.h */ = {isa = PBXFileReference; fileEncoding = 4; lastKnownFileType = sourcecode.c.h; path = MMTLocationManager.h; sourceTree = "<group>"; };
		60BBCDE41AA1E504007ED21C /* MMTLocationManager.m */ = {isa = PBXFileReference; fileEncoding = 4; lastKnownFileType = sourcecode.c.objc; path = MMTLocationManager.m; sourceTree = "<group>"; };
		60BBCDE61AA1E520007ED21C /* CoreLocation.framework */ = {isa = PBXFileReference; lastKnownFileType = wrapper.framework; name = CoreLocation.framework; path = System/Library/Frameworks/CoreLocation.framework; sourceTree = SDKROOT; };
		60BBCDE91AA1E657007ED21C /* MMTApp-Prefix.pch */ = {isa = PBXFileReference; lastKnownFileType = sourcecode.c.h; name = "MMTApp-Prefix.pch"; path = "Supporting Files/MMTApp-Prefix.pch"; sourceTree = "<group>"; };
/* End PBXFileReference section */

/* Begin PBXFrameworksBuildPhase section */
		60BBCDAF1AA17BF6007ED21C /* Frameworks */ = {
			isa = PBXFrameworksBuildPhase;
			buildActionMask = 2147483647;
			files = (
				606140CC1AA27021008629AA /* CoreBluetooth.framework in Frameworks */,
				60BBCDE71AA1E520007ED21C /* CoreLocation.framework in Frameworks */,
				60BBCDE01AA1E279007ED21C /* CoreData.framework in Frameworks */,
			);
			runOnlyForDeploymentPostprocessing = 0;
		};
		60BBCDCB1AA17BF6007ED21C /* Frameworks */ = {
			isa = PBXFrameworksBuildPhase;
			buildActionMask = 2147483647;
			files = (
			);
			runOnlyForDeploymentPostprocessing = 0;
		};
/* End PBXFrameworksBuildPhase section */

/* Begin PBXGroup section */
		606140D01AA2E097008629AA /* Managers */ = {
			isa = PBXGroup;
			children = (
				606140D11AA2E0CB008629AA /* MMTNetworkManager.h */,
				606140D21AA2E0CB008629AA /* MMTNetworkManager.m */,
			);
			name = Managers;
			sourceTree = "<group>";
		};
		60BBCDA91AA17BF6007ED21C = {
			isa = PBXGroup;
			children = (
				60BBCDB41AA17BF6007ED21C /* MMTApp */,
				60BBCDDE1AA17DEA007ED21C /* Frameworks */,
				60BBCDD11AA17BF6007ED21C /* MMTAppTests */,
				60BBCDB31AA17BF6007ED21C /* Products */,
			);
			sourceTree = "<group>";
		};
		60BBCDB31AA17BF6007ED21C /* Products */ = {
			isa = PBXGroup;
			children = (
				60BBCDB21AA17BF6007ED21C /* MMTApp.app */,
				60BBCDCE1AA17BF6007ED21C /* MMTAppTests.xctest */,
			);
			name = Products;
			sourceTree = "<group>";
		};
		60BBCDB41AA17BF6007ED21C /* MMTApp */ = {
			isa = PBXGroup;
			children = (
				606140D01AA2E097008629AA /* Managers */,
				60BBCDE21AA1E4CE007ED21C /* Controllers */,
				60BBCDE11AA1E29F007ED21C /* Models */,
				60BBCDB91AA17BF6007ED21C /* AppDelegate.h */,
				60BBCDBA1AA17BF6007ED21C /* AppDelegate.m */,
				60BBCDC21AA17BF6007ED21C /* Main.storyboard */,
				60BBCDC51AA17BF6007ED21C /* Images.xcassets */,
				60BBCDC71AA17BF6007ED21C /* LaunchScreen.xib */,
				60BBCDBC1AA17BF6007ED21C /* MMTApp.xcdatamodeld */,
				60BBCDB51AA17BF6007ED21C /* Supporting Files */,
			);
			path = MMTApp;
			sourceTree = "<group>";
		};
		60BBCDB51AA17BF6007ED21C /* Supporting Files */ = {
			isa = PBXGroup;
			children = (
				60BBCDB61AA17BF6007ED21C /* Info.plist */,
				60BBCDB71AA17BF6007ED21C /* main.m */,
				60BBCDE91AA1E657007ED21C /* MMTApp-Prefix.pch */,
			);
			name = "Supporting Files";
			sourceTree = "<group>";
		};
		60BBCDD11AA17BF6007ED21C /* MMTAppTests */ = {
			isa = PBXGroup;
			children = (
				60BBCDD41AA17BF6007ED21C /* MMTAppTests.m */,
				60BBCDD21AA17BF6007ED21C /* Supporting Files */,
			);
			path = MMTAppTests;
			sourceTree = "<group>";
		};
		60BBCDD21AA17BF6007ED21C /* Supporting Files */ = {
			isa = PBXGroup;
			children = (
				60BBCDD31AA17BF6007ED21C /* Info.plist */,
			);
			name = "Supporting Files";
			sourceTree = "<group>";
		};
		60BBCDDE1AA17DEA007ED21C /* Frameworks */ = {
			isa = PBXGroup;
			children = (
				606140CB1AA27021008629AA /* CoreBluetooth.framework */,
				60BBCDE61AA1E520007ED21C /* CoreLocation.framework */,
				60BBCDDF1AA1E279007ED21C /* CoreData.framework */,
			);
			name = Frameworks;
			sourceTree = "<group>";
		};
		60BBCDE11AA1E29F007ED21C /* Models */ = {
			isa = PBXGroup;
			children = (
				606140CD1AA27143008629AA /* MMDevice.h */,
				606140CE1AA27143008629AA /* MMDevice.m */,
				606140D41AA3C6E8008629AA /* MMAlbum.h */,
				606140D51AA3C6E8008629AA /* MMAlbum.m */,
			);
			name = Models;
			sourceTree = "<group>";
		};
		60BBCDE21AA1E4CE007ED21C /* Controllers */ = {
			isa = PBXGroup;
			children = (
				60BBCDBF1AA17BF6007ED21C /* MMTViewController.h */,
				60BBCDC01AA17BF6007ED21C /* MMTViewController.m */,
				60BBCDE31AA1E504007ED21C /* MMTLocationManager.h */,
				60BBCDE41AA1E504007ED21C /* MMTLocationManager.m */,
			);
			name = Controllers;
			sourceTree = "<group>";
		};
/* End PBXGroup section */

/* Begin PBXNativeTarget section */
		60BBCDB11AA17BF6007ED21C /* MMTApp */ = {
			isa = PBXNativeTarget;
			buildConfigurationList = 60BBCDD81AA17BF6007ED21C /* Build configuration list for PBXNativeTarget "MMTApp" */;
			buildPhases = (
				60BBCDAE1AA17BF6007ED21C /* Sources */,
				60BBCDAF1AA17BF6007ED21C /* Frameworks */,
				60BBCDB01AA17BF6007ED21C /* Resources */,
			);
			buildRules = (
			);
			dependencies = (
			);
			name = MMTApp;
			productName = MMTApp;
			productReference = 60BBCDB21AA17BF6007ED21C /* MMTApp.app */;
			productType = "com.apple.product-type.application";
		};
		60BBCDCD1AA17BF6007ED21C /* MMTAppTests */ = {
			isa = PBXNativeTarget;
			buildConfigurationList = 60BBCDDB1AA17BF6007ED21C /* Build configuration list for PBXNativeTarget "MMTAppTests" */;
			buildPhases = (
				60BBCDCA1AA17BF6007ED21C /* Sources */,
				60BBCDCB1AA17BF6007ED21C /* Frameworks */,
				60BBCDCC1AA17BF6007ED21C /* Resources */,
			);
			buildRules = (
			);
			dependencies = (
				60BBCDD01AA17BF6007ED21C /* PBXTargetDependency */,
			);
			name = MMTAppTests;
			productName = MMTAppTests;
			productReference = 60BBCDCE1AA17BF6007ED21C /* MMTAppTests.xctest */;
			productType = "com.apple.product-type.bundle.unit-test";
		};
/* End PBXNativeTarget section */

/* Begin PBXProject section */
		60BBCDAA1AA17BF6007ED21C /* Project object */ = {
			isa = PBXProject;
			attributes = {
				LastUpgradeCheck = 0610;
				ORGANIZATIONNAME = "Jason Owens";
				TargetAttributes = {
					60BBCDB11AA17BF6007ED21C = {
						CreatedOnToolsVersion = 6.1.1;
					};
					60BBCDCD1AA17BF6007ED21C = {
						CreatedOnToolsVersion = 6.1.1;
						TestTargetID = 60BBCDB11AA17BF6007ED21C;
					};
				};
			};
			buildConfigurationList = 60BBCDAD1AA17BF6007ED21C /* Build configuration list for PBXProject "MMTApp" */;
			compatibilityVersion = "Xcode 3.2";
			developmentRegion = English;
			hasScannedForEncodings = 0;
			knownRegions = (
				en,
				Base,
			);
			mainGroup = 60BBCDA91AA17BF6007ED21C;
			productRefGroup = 60BBCDB31AA17BF6007ED21C /* Products */;
			projectDirPath = "";
			projectRoot = "";
			targets = (
				60BBCDB11AA17BF6007ED21C /* MMTApp */,
				60BBCDCD1AA17BF6007ED21C /* MMTAppTests */,
			);
		};
/* End PBXProject section */

/* Begin PBXResourcesBuildPhase section */
		60BBCDB01AA17BF6007ED21C /* Resources */ = {
			isa = PBXResourcesBuildPhase;
			buildActionMask = 2147483647;
			files = (
				60BBCDC41AA17BF6007ED21C /* Main.storyboard in Resources */,
				60BBCDC91AA17BF6007ED21C /* LaunchScreen.xib in Resources */,
				60BBCDC61AA17BF6007ED21C /* Images.xcassets in Resources */,
			);
			runOnlyForDeploymentPostprocessing = 0;
		};
		60BBCDCC1AA17BF6007ED21C /* Resources */ = {
			isa = PBXResourcesBuildPhase;
			buildActionMask = 2147483647;
			files = (
			);
			runOnlyForDeploymentPostprocessing = 0;
		};
/* End PBXResourcesBuildPhase section */

/* Begin PBXSourcesBuildPhase section */
		60BBCDAE1AA17BF6007ED21C /* Sources */ = {
			isa = PBXSourcesBuildPhase;
			buildActionMask = 2147483647;
			files = (
				606140CF1AA27143008629AA /* MMDevice.m in Sources */,
				60BBCDBB1AA17BF6007ED21C /* AppDelegate.m in Sources */,
				60BBCDBE1AA17BF6007ED21C /* MMTApp.xcdatamodeld in Sources */,
				60BBCDC11AA17BF6007ED21C /* MMTViewController.m in Sources */,
				60BBCDE51AA1E504007ED21C /* MMTLocationManager.m in Sources */,
				60BBCDB81AA17BF6007ED21C /* main.m in Sources */,
				606140D31AA2E0CB008629AA /* MMTNetworkManager.m in Sources */,
				606140D61AA3C6E8008629AA /* MMAlbum.m in Sources */,
			);
			runOnlyForDeploymentPostprocessing = 0;
		};
		60BBCDCA1AA17BF6007ED21C /* Sources */ = {
			isa = PBXSourcesBuildPhase;
			buildActionMask = 2147483647;
			files = (
				60BBCDD51AA17BF6007ED21C /* MMTAppTests.m in Sources */,
			);
			runOnlyForDeploymentPostprocessing = 0;
		};
/* End PBXSourcesBuildPhase section */

/* Begin PBXTargetDependency section */
		60BBCDD01AA17BF6007ED21C /* PBXTargetDependency */ = {
			isa = PBXTargetDependency;
			target = 60BBCDB11AA17BF6007ED21C /* MMTApp */;
			targetProxy = 60BBCDCF1AA17BF6007ED21C /* PBXContainerItemProxy */;
		};
/* End PBXTargetDependency section */

/* Begin PBXVariantGroup section */
		60BBCDC21AA17BF6007ED21C /* Main.storyboard */ = {
			isa = PBXVariantGroup;
			children = (
				60BBCDC31AA17BF6007ED21C /* Base */,
			);
			name = Main.storyboard;
			sourceTree = "<group>";
		};
		60BBCDC71AA17BF6007ED21C /* LaunchScreen.xib */ = {
			isa = PBXVariantGroup;
			children = (
				60BBCDC81AA17BF6007ED21C /* Base */,
			);
			name = LaunchScreen.xib;
			sourceTree = "<group>";
		};
/* End PBXVariantGroup section */

/* Begin XCBuildConfiguration section */
		60BBCDD61AA17BF6007ED21C /* Debug */ = {
			isa = XCBuildConfiguration;
			buildSettings = {
				ALWAYS_SEARCH_USER_PATHS = NO;
				CLANG_CXX_LANGUAGE_STANDARD = "gnu++0x";
				CLANG_CXX_LIBRARY = "libc++";
				CLANG_ENABLE_MODULES = YES;
				CLANG_ENABLE_OBJC_ARC = YES;
				CLANG_WARN_BOOL_CONVERSION = YES;
				CLANG_WARN_CONSTANT_CONVERSION = YES;
				CLANG_WARN_DIRECT_OBJC_ISA_USAGE = YES_ERROR;
				CLANG_WARN_EMPTY_BODY = YES;
				CLANG_WARN_ENUM_CONVERSION = YES;
				CLANG_WARN_INT_CONVERSION = YES;
				CLANG_WARN_OBJC_ROOT_CLASS = YES_ERROR;
				CLANG_WARN_UNREACHABLE_CODE = YES;
				CLANG_WARN__DUPLICATE_METHOD_MATCH = YES;
				"CODE_SIGN_IDENTITY[sdk=iphoneos*]" = "iPhone Developer";
				COPY_PHASE_STRIP = NO;
				ENABLE_STRICT_OBJC_MSGSEND = YES;
				GCC_C_LANGUAGE_STANDARD = gnu99;
				GCC_DYNAMIC_NO_PIC = NO;
				GCC_OPTIMIZATION_LEVEL = 0;
				GCC_PREPROCESSOR_DEFINITIONS = (
					"DEBUG=1",
					"$(inherited)",
				);
				GCC_SYMBOLS_PRIVATE_EXTERN = NO;
				GCC_WARN_64_TO_32_BIT_CONVERSION = YES;
				GCC_WARN_ABOUT_RETURN_TYPE = YES_ERROR;
				GCC_WARN_UNDECLARED_SELECTOR = YES;
				GCC_WARN_UNINITIALIZED_AUTOS = YES_AGGRESSIVE;
				GCC_WARN_UNUSED_FUNCTION = YES;
				GCC_WARN_UNUSED_VARIABLE = YES;
				IPHONEOS_DEPLOYMENT_TARGET = 8.1;
				MTL_ENABLE_DEBUG_INFO = YES;
				ONLY_ACTIVE_ARCH = YES;
				SDKROOT = iphoneos;
				TARGETED_DEVICE_FAMILY = 2;
			};
			name = Debug;
		};
		60BBCDD71AA17BF6007ED21C /* Release */ = {
			isa = XCBuildConfiguration;
			buildSettings = {
				ALWAYS_SEARCH_USER_PATHS = NO;
				CLANG_CXX_LANGUAGE_STANDARD = "gnu++0x";
				CLANG_CXX_LIBRARY = "libc++";
				CLANG_ENABLE_MODULES = YES;
				CLANG_ENABLE_OBJC_ARC = YES;
				CLANG_WARN_BOOL_CONVERSION = YES;
				CLANG_WARN_CONSTANT_CONVERSION = YES;
				CLANG_WARN_DIRECT_OBJC_ISA_USAGE = YES_ERROR;
				CLANG_WARN_EMPTY_BODY = YES;
				CLANG_WARN_ENUM_CONVERSION = YES;
				CLANG_WARN_INT_CONVERSION = YES;
				CLANG_WARN_OBJC_ROOT_CLASS = YES_ERROR;
				CLANG_WARN_UNREACHABLE_CODE = YES;
				CLANG_WARN__DUPLICATE_METHOD_MATCH = YES;
				"CODE_SIGN_IDENTITY[sdk=iphoneos*]" = "iPhone Developer";
				COPY_PHASE_STRIP = YES;
				ENABLE_NS_ASSERTIONS = NO;
				ENABLE_STRICT_OBJC_MSGSEND = YES;
				GCC_C_LANGUAGE_STANDARD = gnu99;
				GCC_WARN_64_TO_32_BIT_CONVERSION = YES;
				GCC_WARN_ABOUT_RETURN_TYPE = YES_ERROR;
				GCC_WARN_UNDECLARED_SELECTOR = YES;
				GCC_WARN_UNINITIALIZED_AUTOS = YES_AGGRESSIVE;
				GCC_WARN_UNUSED_FUNCTION = YES;
				GCC_WARN_UNUSED_VARIABLE = YES;
				IPHONEOS_DEPLOYMENT_TARGET = 8.1;
				MTL_ENABLE_DEBUG_INFO = NO;
				SDKROOT = iphoneos;
				TARGETED_DEVICE_FAMILY = 2;
				VALIDATE_PRODUCT = YES;
			};
			name = Release;
		};
		60BBCDD91AA17BF6007ED21C /* Debug */ = {
			isa = XCBuildConfiguration;
			buildSettings = {
				ASSETCATALOG_COMPILER_APPICON_NAME = AppIcon;
				GCC_PREFIX_HEADER = "";
				INFOPLIST_FILE = MMTApp/Info.plist;
				LD_RUNPATH_SEARCH_PATHS = "$(inherited) @executable_path/Frameworks";
				PRODUCT_NAME = "$(TARGET_NAME)";
				TARGETED_DEVICE_FAMILY = 1;
			};
			name = Debug;
		};
		60BBCDDA1AA17BF6007ED21C /* Release */ = {
			isa = XCBuildConfiguration;
			buildSettings = {
				ASSETCATALOG_COMPILER_APPICON_NAME = AppIcon;
				GCC_PREFIX_HEADER = "";
				INFOPLIST_FILE = MMTApp/Info.plist;
				LD_RUNPATH_SEARCH_PATHS = "$(inherited) @executable_path/Frameworks";
				PRODUCT_NAME = "$(TARGET_NAME)";
				TARGETED_DEVICE_FAMILY = 1;
			};
			name = Release;
		};
		60BBCDDC1AA17BF6007ED21C /* Debug */ = {
			isa = XCBuildConfiguration;
			buildSettings = {
				BUNDLE_LOADER = "$(TEST_HOST)";
				FRAMEWORK_SEARCH_PATHS = (
					"$(SDKROOT)/Developer/Library/Frameworks",
					"$(inherited)",
				);
				GCC_PREPROCESSOR_DEFINITIONS = (
					"DEBUG=1",
					"$(inherited)",
				);
				INFOPLIST_FILE = MMTAppTests/Info.plist;
				LD_RUNPATH_SEARCH_PATHS = "$(inherited) @executable_path/Frameworks @loader_path/Frameworks";
				PRODUCT_NAME = "$(TARGET_NAME)";
				TEST_HOST = "$(BUILT_PRODUCTS_DIR)/MMTApp.app/MMTApp";
			};
			name = Debug;
		};
		60BBCDDD1AA17BF6007ED21C /* Release */ = {
			isa = XCBuildConfiguration;
			buildSettings = {
				BUNDLE_LOADER = "$(TEST_HOST)";
				FRAMEWORK_SEARCH_PATHS = (
					"$(SDKROOT)/Developer/Library/Frameworks",
					"$(inherited)",
				);
				INFOPLIST_FILE = MMTAppTests/Info.plist;
				LD_RUNPATH_SEARCH_PATHS = "$(inherited) @executable_path/Frameworks @loader_path/Frameworks";
				PRODUCT_NAME = "$(TARGET_NAME)";
				TEST_HOST = "$(BUILT_PRODUCTS_DIR)/MMTApp.app/MMTApp";
			};
			name = Release;
		};
/* End XCBuildConfiguration section */

/* Begin XCConfigurationList section */
		60BBCDAD1AA17BF6007ED21C /* Build configuration list for PBXProject "MMTApp" */ = {
			isa = XCConfigurationList;
			buildConfigurations = (
				60BBCDD61AA17BF6007ED21C /* Debug */,
				60BBCDD71AA17BF6007ED21C /* Release */,
			);
			defaultConfigurationIsVisible = 0;
			defaultConfigurationName = Release;
		};
		60BBCDD81AA17BF6007ED21C /* Build configuration list for PBXNativeTarget "MMTApp" */ = {
			isa = XCConfigurationList;
			buildConfigurations = (
				60BBCDD91AA17BF6007ED21C /* Debug */,
				60BBCDDA1AA17BF6007ED21C /* Release */,
			);
			defaultConfigurationIsVisible = 0;
			defaultConfigurationName = Release;
		};
		60BBCDDB1AA17BF6007ED21C /* Build configuration list for PBXNativeTarget "MMTAppTests" */ = {
			isa = XCConfigurationList;
			buildConfigurations = (
				60BBCDDC1AA17BF6007ED21C /* Debug */,
				60BBCDDD1AA17BF6007ED21C /* Release */,
			);
			defaultConfigurationIsVisible = 0;
			defaultConfigurationName = Release;
		};
/* End XCConfigurationList section */

/* Begin XCVersionGroup section */
		60BBCDBC1AA17BF6007ED21C /* MMTApp.xcdatamodeld */ = {
			isa = XCVersionGroup;
			children = (
				60BBCDBD1AA17BF6007ED21C /* MMTApp.xcdatamodel */,
			);
			currentVersion = 60BBCDBD1AA17BF6007ED21C /* MMTApp.xcdatamodel */;
			path = MMTApp.xcdatamodeld;
			sourceTree = "<group>";
			versionGroupType = wrapper.xcdatamodel;
		};
/* End XCVersionGroup section */
	};
	rootObject = 60BBCDAA1AA17BF6007ED21C /* Project object */;
}
